// !$*UTF8*$!
{
	archiveVersion = 1;
	classes = {
	};
	objectVersion = 50;
	objects = {

/* Begin PBXBuildFile section */
		C2237B7C23676DAB001F0470 /* AppDelegate.swift in Sources */ = {isa = PBXBuildFile; fileRef = C2237B7B23676DAB001F0470 /* AppDelegate.swift */; };
		C2237B7E23676DAB001F0470 /* ViewController.swift in Sources */ = {isa = PBXBuildFile; fileRef = C2237B7D23676DAB001F0470 /* ViewController.swift */; };
		C2237B8123676DAB001F0470 /* Main.storyboard in Resources */ = {isa = PBXBuildFile; fileRef = C2237B7F23676DAB001F0470 /* Main.storyboard */; };
		C2237B8323676DAE001F0470 /* Assets.xcassets in Resources */ = {isa = PBXBuildFile; fileRef = C2237B8223676DAE001F0470 /* Assets.xcassets */; };
		C2237B8623676DAE001F0470 /* LaunchScreen.storyboard in Resources */ = {isa = PBXBuildFile; fileRef = C2237B8423676DAE001F0470 /* LaunchScreen.storyboard */; };
		C2237B9123676DAE001F0470 /* GerardoGitUITests.swift in Sources */ = {isa = PBXBuildFile; fileRef = C2237B9023676DAE001F0470 /* GerardoGitUITests.swift */; };
/* End PBXBuildFile section */

/* Begin PBXContainerItemProxy section */
		C2237B8D23676DAE001F0470 /* PBXContainerItemProxy */ = {
			isa = PBXContainerItemProxy;
			containerPortal = C2237B7023676DAB001F0470 /* Project object */;
			proxyType = 1;
			remoteGlobalIDString = C2237B7723676DAB001F0470;
			remoteInfo = GerardoGit;
		};
/* End PBXContainerItemProxy section */

/* Begin PBXFileReference section */
		C2237B7823676DAB001F0470 /* GerardoGit.app */ = {isa = PBXFileReference; explicitFileType = wrapper.application; includeInIndex = 0; path = GerardoGit.app; sourceTree = BUILT_PRODUCTS_DIR; };
		C2237B7B23676DAB001F0470 /* AppDelegate.swift */ = {isa = PBXFileReference; lastKnownFileType = sourcecode.swift; path = AppDelegate.swift; sourceTree = "<group>"; };
		C2237B7D23676DAB001F0470 /* ViewController.swift */ = {isa = PBXFileReference; lastKnownFileType = sourcecode.swift; path = ViewController.swift; sourceTree = "<group>"; };
		C2237B8023676DAB001F0470 /* Base */ = {isa = PBXFileReference; lastKnownFileType = file.storyboard; name = Base; path = Base.lproj/Main.storyboard; sourceTree = "<group>"; };
		C2237B8223676DAE001F0470 /* Assets.xcassets */ = {isa = PBXFileReference; lastKnownFileType = folder.assetcatalog; path = Assets.xcassets; sourceTree = "<group>"; };
		C2237B8523676DAE001F0470 /* Base */ = {isa = PBXFileReference; lastKnownFileType = file.storyboard; name = Base; path = Base.lproj/LaunchScreen.storyboard; sourceTree = "<group>"; };
		C2237B8723676DAE001F0470 /* Info.plist */ = {isa = PBXFileReference; lastKnownFileType = text.plist.xml; path = Info.plist; sourceTree = "<group>"; };
		C2237B8C23676DAE001F0470 /* GerardoGitUITests.xctest */ = {isa = PBXFileReference; explicitFileType = wrapper.cfbundle; includeInIndex = 0; path = GerardoGitUITests.xctest; sourceTree = BUILT_PRODUCTS_DIR; };
		C2237B9023676DAE001F0470 /* GerardoGitUITests.swift */ = {isa = PBXFileReference; lastKnownFileType = sourcecode.swift; path = GerardoGitUITests.swift; sourceTree = "<group>"; };
		C2237B9223676DAE001F0470 /* Info.plist */ = {isa = PBXFileReference; lastKnownFileType = text.plist.xml; path = Info.plist; sourceTree = "<group>"; };
/* End PBXFileReference section */

/* Begin PBXFrameworksBuildPhase section */
		C2237B7523676DAB001F0470 /* Frameworks */ = {
			isa = PBXFrameworksBuildPhase;
			buildActionMask = 2147483647;
			files = (
			);
			runOnlyForDeploymentPostprocessing = 0;
		};
		C2237B8923676DAE001F0470 /* Frameworks */ = {
			isa = PBXFrameworksBuildPhase;
			buildActionMask = 2147483647;
			files = (
			);
			runOnlyForDeploymentPostprocessing = 0;
		};
/* End PBXFrameworksBuildPhase section */

/* Begin PBXGroup section */
		C2237B6F23676DAB001F0470 = {
			isa = PBXGroup;
			children = (
				C2237B7A23676DAB001F0470 /* GerardoGit */,
				C2237B8F23676DAE001F0470 /* GerardoGitUITests */,
				C2237B7923676DAB001F0470 /* Products */,
			);
			sourceTree = "<group>";
		};
		C2237B7923676DAB001F0470 /* Products */ = {
			isa = PBXGroup;
			children = (
				C2237B7823676DAB001F0470 /* GerardoGit.app */,
				C2237B8C23676DAE001F0470 /* GerardoGitUITests.xctest */,
			);
			name = Products;
			sourceTree = "<group>";
		};
		C2237B7A23676DAB001F0470 /* GerardoGit */ = {
			isa = PBXGroup;
			children = (
				C2237B7B23676DAB001F0470 /* AppDelegate.swift */,
				C2237B7D23676DAB001F0470 /* ViewController.swift */,
				C2237B7F23676DAB001F0470 /* Main.storyboard */,
				C2237B8223676DAE001F0470 /* Assets.xcassets */,
				C2237B8423676DAE001F0470 /* LaunchScreen.storyboard */,
				C2237B8723676DAE001F0470 /* Info.plist */,
			);
			path = GerardoGit;
			sourceTree = "<group>";
		};
		C2237B8F23676DAE001F0470 /* GerardoGitUITests */ = {
			isa = PBXGroup;
			children = (
				C2237B9023676DAE001F0470 /* GerardoGitUITests.swift */,
				C2237B9223676DAE001F0470 /* Info.plist */,
			);
			path = GerardoGitUITests;
			sourceTree = "<group>";
		};
/* End PBXGroup section */

/* Begin PBXNativeTarget section */
		C2237B7723676DAB001F0470 /* GerardoGit */ = {
			isa = PBXNativeTarget;
			buildConfigurationList = C2237B9523676DAE001F0470 /* Build configuration list for PBXNativeTarget "GerardoGit" */;
			buildPhases = (
				C2237B7423676DAB001F0470 /* Sources */,
				C2237B7523676DAB001F0470 /* Frameworks */,
				C2237B7623676DAB001F0470 /* Resources */,
			);
			buildRules = (
			);
			dependencies = (
			);
			name = GerardoGit;
			productName = GerardoGit;
			productReference = C2237B7823676DAB001F0470 /* GerardoGit.app */;
			productType = "com.apple.product-type.application";
		};
		C2237B8B23676DAE001F0470 /* GerardoGitUITests */ = {
			isa = PBXNativeTarget;
			buildConfigurationList = C2237B9823676DAE001F0470 /* Build configuration list for PBXNativeTarget "GerardoGitUITests" */;
			buildPhases = (
				C2237B8823676DAE001F0470 /* Sources */,
				C2237B8923676DAE001F0470 /* Frameworks */,
				C2237B8A23676DAE001F0470 /* Resources */,
			);
			buildRules = (
			);
			dependencies = (
				C2237B8E23676DAE001F0470 /* PBXTargetDependency */,
			);
			name = GerardoGitUITests;
			productName = GerardoGitUITests;
			productReference = C2237B8C23676DAE001F0470 /* GerardoGitUITests.xctest */;
			productType = "com.apple.product-type.bundle.ui-testing";
		};
/* End PBXNativeTarget section */

/* Begin PBXProject section */
		C2237B7023676DAB001F0470 /* Project object */ = {
			isa = PBXProject;
			attributes = {
				LastSwiftUpdateCheck = 1030;
				LastUpgradeCheck = 1030;
				ORGANIZATIONNAME = "Gerardo Carranza";
				TargetAttributes = {
					C2237B7723676DAB001F0470 = {
						CreatedOnToolsVersion = 10.3;
					};
					C2237B8B23676DAE001F0470 = {
						CreatedOnToolsVersion = 10.3;
						TestTargetID = C2237B7723676DAB001F0470;
					};
				};
			};
			buildConfigurationList = C2237B7323676DAB001F0470 /* Build configuration list for PBXProject "GerardoGit" */;
			compatibilityVersion = "Xcode 9.3";
			developmentRegion = en;
			hasScannedForEncodings = 0;
			knownRegions = (
				en,
				Base,
			);
			mainGroup = C2237B6F23676DAB001F0470;
			productRefGroup = C2237B7923676DAB001F0470 /* Products */;
			projectDirPath = "";
			projectRoot = "";
			targets = (
				C2237B7723676DAB001F0470 /* GerardoGit */,
				C2237B8B23676DAE001F0470 /* GerardoGitUITests */,
			);
		};
/* End PBXProject section */

/* Begin PBXResourcesBuildPhase section */
		C2237B7623676DAB001F0470 /* Resources */ = {
			isa = PBXResourcesBuildPhase;
			buildActionMask = 2147483647;
			files = (
				C2237B8623676DAE001F0470 /* LaunchScreen.storyboard in Resources */,
				C2237B8323676DAE001F0470 /* Assets.xcassets in Resources */,
				C2237B8123676DAB001F0470 /* Main.storyboard in Resources */,
			);
			runOnlyForDeploymentPostprocessing = 0;
		};
		C2237B8A23676DAE001F0470 /* Resources */ = {
			isa = PBXResourcesBuildPhase;
			buildActionMask = 2147483647;
			files = (
			);
			runOnlyForDeploymentPostprocessing = 0;
		};
/* End PBXResourcesBuildPhase section */

/* Begin PBXSourcesBuildPhase section */
		C2237B7423676DAB001F0470 /* Sources */ = {
			isa = PBXSourcesBuildPhase;
			buildActionMask = 2147483647;
			files = (
				C2237B7E23676DAB001F0470 /* ViewController.swift in Sources */,
				C2237B7C23676DAB001F0470 /* AppDelegate.swift in Sources */,
			);
			runOnlyForDeploymentPostprocessing = 0;
		};
		C2237B8823676DAE001F0470 /* Sources */ = {
			isa = PBXSourcesBuildPhase;
			buildActionMask = 2147483647;
			files = (
				C2237B9123676DAE001F0470 /* GerardoGitUITests.swift in Sources */,
			);
			runOnlyForDeploymentPostprocessing = 0;
		};
/* End PBXSourcesBuildPhase section */

/* Begin PBXTargetDependency section */
		C2237B8E23676DAE001F0470 /* PBXTargetDependency */ = {
			isa = PBXTargetDependency;
			target = C2237B7723676DAB001F0470 /* GerardoGit */;
			targetProxy = C2237B8D23676DAE001F0470 /* PBXContainerItemProxy */;
		};
/* End PBXTargetDependency section */

/* Begin PBXVariantGroup section */
		C2237B7F23676DAB001F0470 /* Main.storyboard */ = {
			isa = PBXVariantGroup;
			children = (
				C2237B8023676DAB001F0470 /* Base */,
			);
			name = Main.storyboard;
			sourceTree = "<group>";
		};
		C2237B8423676DAE001F0470 /* LaunchScreen.storyboard */ = {
			isa = PBXVariantGroup;
			children = (
				C2237B8523676DAE001F0470 /* Base */,
			);
			name = LaunchScreen.storyboard;
			sourceTree = "<group>";
		};
/* End PBXVariantGroup section */

/* Begin XCBuildConfiguration section */
		C2237B9323676DAE001F0470 /* Debug */ = {
			isa = XCBuildConfiguration;
			buildSettings = {
				ALWAYS_SEARCH_USER_PATHS = NO;
				CLANG_ANALYZER_NONNULL = YES;
				CLANG_ANALYZER_NUMBER_OBJECT_CONVERSION = YES_AGGRESSIVE;
				CLANG_CXX_LANGUAGE_STANDARD = "gnu++14";
				CLANG_CXX_LIBRARY = "libc++";
				CLANG_ENABLE_MODULES = YES;
				CLANG_ENABLE_OBJC_ARC = YES;
				CLANG_ENABLE_OBJC_WEAK = YES;
				CLANG_WARN_BLOCK_CAPTURE_AUTORELEASING = YES;
				CLANG_WARN_BOOL_CONVERSION = YES;
				CLANG_WARN_COMMA = YES;
				CLANG_WARN_CONSTANT_CONVERSION = YES;
				CLANG_WARN_DEPRECATED_OBJC_IMPLEMENTATIONS = YES;
				CLANG_WARN_DIRECT_OBJC_ISA_USAGE = YES_ERROR;
				CLANG_WARN_DOCUMENTATION_COMMENTS = YES;
				CLANG_WARN_EMPTY_BODY = YES;
				CLANG_WARN_ENUM_CONVERSION = YES;
				CLANG_WARN_INFINITE_RECURSION = YES;
				CLANG_WARN_INT_CONVERSION = YES;
				CLANG_WARN_NON_LITERAL_NULL_CONVERSION = YES;
				CLANG_WARN_OBJC_IMPLICIT_RETAIN_SELF = YES;
				CLANG_WARN_OBJC_LITERAL_CONVERSION = YES;
				CLANG_WARN_OBJC_ROOT_CLASS = YES_ERROR;
				CLANG_WARN_RANGE_LOOP_ANALYSIS = YES;
				CLANG_WARN_STRICT_PROTOTYPES = YES;
				CLANG_WARN_SUSPICIOUS_MOVE = YES;
				CLANG_WARN_UNGUARDED_AVAILABILITY = YES_AGGRESSIVE;
				CLANG_WARN_UNREACHABLE_CODE = YES;
				CLANG_WARN__DUPLICATE_METHOD_MATCH = YES;
				CODE_SIGN_IDENTITY = "iPhone Developer";
				COPY_PHASE_STRIP = NO;
				DEBUG_INFORMATION_FORMAT = dwarf;
				ENABLE_STRICT_OBJC_MSGSEND = YES;
				ENABLE_TESTABILITY = YES;
				GCC_C_LANGUAGE_STANDARD = gnu11;
				GCC_DYNAMIC_NO_PIC = NO;
				GCC_NO_COMMON_BLOCKS = YES;
				GCC_OPTIMIZATION_LEVEL = 0;
				GCC_PREPROCESSOR_DEFINITIONS = (
					"DEBUG=1",
					"$(inherited)",
				);
				GCC_WARN_64_TO_32_BIT_CONVERSION = YES;
				GCC_WARN_ABOUT_RETURN_TYPE = YES_ERROR;
				GCC_WARN_UNDECLARED_SELECTOR = YES;
				GCC_WARN_UNINITIALIZED_AUTOS = YES_AGGRESSIVE;
				GCC_WARN_UNUSED_FUNCTION = YES;
				GCC_WARN_UNUSED_VARIABLE = YES;
				IPHONEOS_DEPLOYMENT_TARGET = 12.4;
				MTL_ENABLE_DEBUG_INFO = INCLUDE_SOURCE;
				MTL_FAST_MATH = YES;
				ONLY_ACTIVE_ARCH = YES;
				SDKROOT = iphoneos;
				SWIFT_ACTIVE_COMPILATION_CONDITIONS = DEBUG;
				SWIFT_OPTIMIZATION_LEVEL = "-Onone";
			};
			name = Debug;
		};
		C2237B9423676DAE001F0470 /* Release */ = {
			isa = XCBuildConfiguration;
			buildSettings = {
				ALWAYS_SEARCH_USER_PATHS = NO;
				CLANG_ANALYZER_NONNULL = YES;
				CLANG_ANALYZER_NUMBER_OBJECT_CONVERSION = YES_AGGRESSIVE;
				CLANG_CXX_LANGUAGE_STANDARD = "gnu++14";
				CLANG_CXX_LIBRARY = "libc++";
				CLANG_ENABLE_MODULES = YES;
				CLANG_ENABLE_OBJC_ARC = YES;
				CLANG_ENABLE_OBJC_WEAK = YES;
				CLANG_WARN_BLOCK_CAPTURE_AUTORELEASING = YES;
				CLANG_WARN_BOOL_CONVERSION = YES;
				CLANG_WARN_COMMA = YES;
				CLANG_WARN_CONSTANT_CONVERSION = YES;
				CLANG_WARN_DEPRECATED_OBJC_IMPLEMENTATIONS = YES;
				CLANG_WARN_DIRECT_OBJC_ISA_USAGE = YES_ERROR;
				CLANG_WARN_DOCUMENTATION_COMMENTS = YES;
				CLANG_WARN_EMPTY_BODY = YES;
				CLANG_WARN_ENUM_CONVERSION = YES;
				CLANG_WARN_INFINITE_RECURSION = YES;
				CLANG_WARN_INT_CONVERSION = YES;
				CLANG_WARN_NON_LITERAL_NULL_CONVERSION = YES;
				CLANG_WARN_OBJC_IMPLICIT_RETAIN_SELF = YES;
				CLANG_WARN_OBJC_LITERAL_CONVERSION = YES;
				CLANG_WARN_OBJC_ROOT_CLASS = YES_ERROR;
				CLANG_WARN_RANGE_LOOP_ANALYSIS = YES;
				CLANG_WARN_STRICT_PROTOTYPES = YES;
				CLANG_WARN_SUSPICIOUS_MOVE = YES;
				CLANG_WARN_UNGUARDED_AVAILABILITY = YES_AGGRESSIVE;
				CLANG_WARN_UNREACHABLE_CODE = YES;
				CLANG_WARN__DUPLICATE_METHOD_MATCH = YES;
				CODE_SIGN_IDENTITY = "iPhone Developer";
				COPY_PHASE_STRIP = NO;
				DEBUG_INFORMATION_FORMAT = "dwarf-with-dsym";
				ENABLE_NS_ASSERTIONS = NO;
				ENABLE_STRICT_OBJC_MSGSEND = YES;
				GCC_C_LANGUAGE_STANDARD = gnu11;
				GCC_NO_COMMON_BLOCKS = YES;
				GCC_WARN_64_TO_32_BIT_CONVERSION = YES;
				GCC_WARN_ABOUT_RETURN_TYPE = YES_ERROR;
				GCC_WARN_UNDECLARED_SELECTOR = YES;
				GCC_WARN_UNINITIALIZED_AUTOS = YES_AGGRESSIVE;
				GCC_WARN_UNUSED_FUNCTION = YES;
				GCC_WARN_UNUSED_VARIABLE = YES;
				IPHONEOS_DEPLOYMENT_TARGET = 12.4;
				MTL_ENABLE_DEBUG_INFO = NO;
				MTL_FAST_MATH = YES;
				SDKROOT = iphoneos;
				SWIFT_COMPILATION_MODE = wholemodule;
				SWIFT_OPTIMIZATION_LEVEL = "-O";
				VALIDATE_PRODUCT = YES;
			};
			name = Release;
		};
		C2237B9623676DAE001F0470 /* Debug */ = {
			isa = XCBuildConfiguration;
			buildSettings = {
				ASSETCATALOG_COMPILER_APPICON_NAME = AppIcon;
				CODE_SIGN_STYLE = Automatic;
				DEVELOPMENT_TEAM = UGNL7AFX42;
				INFOPLIST_FILE = GerardoGit/Info.plist;
				LD_RUNPATH_SEARCH_PATHS = (
					"$(inherited)",
					"@executable_path/Frameworks",
				);
				PRODUCT_BUNDLE_IDENTIFIER = "Gerardo-Carranza.GerardoGit";
				PRODUCT_NAME = "$(TARGET_NAME)";
				SWIFT_VERSION = 5.0;
				TARGETED_DEVICE_FAMILY = "1,2";
			};
			name = Debug;
		};
		C2237B9723676DAE001F0470 /* Release */ = {
			isa = XCBuildConfiguration;
			buildSettings = {
				ASSETCATALOG_COMPILER_APPICON_NAME = AppIcon;
				CODE_SIGN_STYLE = Automatic;
				DEVELOPMENT_TEAM = UGNL7AFX42;
				INFOPLIST_FILE = GerardoGit/Info.plist;
				LD_RUNPATH_SEARCH_PATHS = (
					"$(inherited)",
					"@executable_path/Frameworks",
				);
				PRODUCT_BUNDLE_IDENTIFIER = "Gerardo-Carranza.GerardoGit";
				PRODUCT_NAME = "$(TARGET_NAME)";
				SWIFT_VERSION = 5.0;
				TARGETED_DEVICE_FAMILY = "1,2";
			};
			name = Release;
		};
		C2237B9923676DAE001F0470 /* Debug */ = {
			isa = XCBuildConfiguration;
			buildSettings = {
				ALWAYS_EMBED_SWIFT_STANDARD_LIBRARIES = YES;
				CODE_SIGN_STYLE = Automatic;
				DEVELOPMENT_TEAM = UGNL7AFX42;
				INFOPLIST_FILE = GerardoGitUITests/Info.plist;
				LD_RUNPATH_SEARCH_PATHS = (
					"$(inherited)",
					"@executable_path/Frameworks",
					"@loader_path/Frameworks",
				);
				PRODUCT_BUNDLE_IDENTIFIER = "Gerardo-Carranza.GerardoGitUITests";
				PRODUCT_NAME = "$(TARGET_NAME)";
				SWIFT_VERSION = 5.0;
				TARGETED_DEVICE_FAMILY = "1,2";
				TEST_TARGET_NAME = GerardoGit;
			};
			name = Debug;
		};
		C2237B9A23676DAE001F0470 /* Release */ = {
			isa = XCBuildConfiguration;
			buildSettings = {
				ALWAYS_EMBED_SWIFT_STANDARD_LIBRARIES = YES;
				CODE_SIGN_STYLE = Automatic;
				DEVELOPMENT_TEAM = UGNL7AFX42;
				INFOPLIST_FILE = GerardoGitUITests/Info.plist;
				LD_RUNPATH_SEARCH_PATHS = (
					"$(inherited)",
					"@executable_path/Frameworks",
					"@loader_path/Frameworks",
				);
				PRODUCT_BUNDLE_IDENTIFIER = "Gerardo-Carranza.GerardoGitUITests";
				PRODUCT_NAME = "$(TARGET_NAME)";
				SWIFT_VERSION = 5.0;
				TARGETED_DEVICE_FAMILY = "1,2";
				TEST_TARGET_NAME = GerardoGit;
			};
			name = Release;
		};
/* End XCBuildConfiguration section */

/* Begin XCConfigurationList section */
		C2237B7323676DAB001F0470 /* Build configuration list for PBXProject "GerardoGit" */ = {
			isa = XCConfigurationList;
			buildConfigurations = (
				C2237B9323676DAE001F0470 /* Debug */,
				C2237B9423676DAE001F0470 /* Release */,
			);
			defaultConfigurationIsVisible = 0;
			defaultConfigurationName = Release;
		};
		C2237B9523676DAE001F0470 /* Build configuration list for PBXNativeTarget "GerardoGit" */ = {
			isa = XCConfigurationList;
			buildConfigurations = (
				C2237B9623676DAE001F0470 /* Debug */,
				C2237B9723676DAE001F0470 /* Release */,
			);
			defaultConfigurationIsVisible = 0;
			defaultConfigurationName = Release;
		};
		C2237B9823676DAE001F0470 /* Build configuration list for PBXNativeTarget "GerardoGitUITests" */ = {
			isa = XCConfigurationList;
			buildConfigurations = (
				C2237B9923676DAE001F0470 /* Debug */,
				C2237B9A23676DAE001F0470 /* Release */,
			);
			defaultConfigurationIsVisible = 0;
			defaultConfigurationName = Release;
		};
/* End XCConfigurationList section */
	};
	rootObject = C2237B7023676DAB001F0470 /* Project object */;
}
